
Microsoft Visual Studio Solution File, Format Version 12.00
# Visual Studio Version 16
VisualStudioVersion = 16.0.32901.82
MinimumVisualStudioVersion = 10.0.40219.1
Project("{9A19103F-16F7-4668-BE54-9A1E7A4F7556}") = "LangoTop.Infrastructure", "LangoTop.Infrastructure\LangoTop.Infrastructure.csproj", "{70178326-5125-40E0-A5D9-35446A8DC1DB}"
EndProject
Project("{9A19103F-16F7-4668-BE54-9A1E7A4F7556}") = "LangoTop.Domain", "LangoTop.Domain\LangoTop.Domain.csproj", "{47744F00-1874-4B0E-90D1-98F26ACB473D}"
EndProject
Project("{9A19103F-16F7-4668-BE54-9A1E7A4F7556}") = "LangoTop.Application", "LangoTop.Application\LangoTop.Application.csproj", "{0A88D9C8-433E-46A0-8B94-839257ADA659}"
EndProject
Project("{9A19103F-16F7-4668-BE54-9A1E7A4F7556}") = "0_Framework", "0_Framework\0_Framework.csproj", "{2E9BA507-0819-4109-A9B5-724FCF066F0E}"
EndProject
Project("{9A19103F-16F7-4668-BE54-9A1E7A4F7556}") = "LangoTop.Interfaces", "LangoTop.Interfases\LangoTop.Interfaces.csproj", "{1BAD3D7E-26A6-4293-99EA-1BDA74BFB87A}"
EndProject
Project("{9A19103F-16F7-4668-BE54-9A1E7A4F7556}") = "LangoTop.Infrastructure.Repository", "LangoTop.Infrastructure.Repository\LangoTop.Infrastructure.Repository.csproj", "{C46ACB51-CD60-495B-9179-6FBD7CC1E35C}"
EndProject
Project("{9A19103F-16F7-4668-BE54-9A1E7A4F7556}") = "ServiceHost", "ServiceHost\ServiceHost.csproj", "{82A38FF8-E532-4054-97B3-10B7FB245CCF}"
EndProject
Project("{FAE04EC0-301F-11D3-BF4B-00C04F79EFBC}") = "LangoTop.Application.Contract", "LangoTop.Application.Contract\LangoTop.Application.Contract.csproj", "{9DF66BF1-562B-4112-A1E5-B31D6970ED07}"
EndProject
Project("{2150E333-8FDC-42A3-9474-1A3956D46DE8}") = "LangoTop.Domain", "LangoTop.Domain", "{3DBF29EF-8D99-4DE4-A1F4-02A18F38C552}"
EndProject
Project("{2150E333-8FDC-42A3-9474-1A3956D46DE8}") = "LangoTop.Infrastructure", "LangoTop.Infrastructure", "{C9B327B2-7403-444E-85A6-7CBAE48843FC}"
EndProject
Project("{2150E333-8FDC-42A3-9474-1A3956D46DE8}") = "LangoTop.Application", "LangoTop.Application", "{DF1A2F87-6D2F-40C8-8652-7B65D0AC24B5}"
EndProject
Global
	GlobalSection(SolutionConfigurationPlatforms) = preSolution
		Debug|Any CPU = Debug|Any CPU
		Release|Any CPU = Release|Any CPU
	EndGlobalSection
	GlobalSection(ProjectConfigurationPlatforms) = postSolution
		{70178326-5125-40E0-A5D9-35446A8DC1DB}.Debug|Any CPU.ActiveCfg = Debug|Any CPU
		{70178326-5125-40E0-A5D9-35446A8DC1DB}.Debug|Any CPU.Build.0 = Debug|Any CPU
		{70178326-5125-40E0-A5D9-35446A8DC1DB}.Release|Any CPU.ActiveCfg = Release|Any CPU
		{70178326-5125-40E0-A5D9-35446A8DC1DB}.Release|Any CPU.Build.0 = Release|Any CPU
		{47744F00-1874-4B0E-90D1-98F26ACB473D}.Debug|Any CPU.ActiveCfg = Debug|Any CPU
		{47744F00-1874-4B0E-90D1-98F26ACB473D}.Debug|Any CPU.Build.0 = Debug|Any CPU
		{47744F00-1874-4B0E-90D1-98F26ACB473D}.Release|Any CPU.ActiveCfg = Release|Any CPU
		{47744F00-1874-4B0E-90D1-98F26ACB473D}.Release|Any CPU.Build.0 = Release|Any CPU
		{0A88D9C8-433E-46A0-8B94-839257ADA659}.Debug|Any CPU.ActiveCfg = Debug|Any CPU
		{0A88D9C8-433E-46A0-8B94-839257ADA659}.Debug|Any CPU.Build.0 = Debug|Any CPU
		{0A88D9C8-433E-46A0-8B94-839257ADA659}.Release|Any CPU.ActiveCfg = Release|Any CPU
		{0A88D9C8-433E-46A0-8B94-839257ADA659}.Release|Any CPU.Build.0 = Release|Any CPU
		{2E9BA507-0819-4109-A9B5-724FCF066F0E}.Debug|Any CPU.ActiveCfg = Debug|Any CPU
		{2E9BA507-0819-4109-A9B5-724FCF066F0E}.Debug|Any CPU.Build.0 = Debug|Any CPU
		{2E9BA507-0819-4109-A9B5-724FCF066F0E}.Release|Any CPU.ActiveCfg = Release|Any CPU
		{2E9BA507-0819-4109-A9B5-724FCF066F0E}.Release|Any CPU.Build.0 = Release|Any CPU
		{1BAD3D7E-26A6-4293-99EA-1BDA74BFB87A}.Debug|Any CPU.ActiveCfg = Debug|Any CPU
		{1BAD3D7E-26A6-4293-99EA-1BDA74BFB87A}.Debug|Any CPU.Build.0 = Debug|Any CPU
		{1BAD3D7E-26A6-4293-99EA-1BDA74BFB87A}.Release|Any CPU.ActiveCfg = Release|Any CPU
		{1BAD3D7E-26A6-4293-99EA-1BDA74BFB87A}.Release|Any CPU.Build.0 = Release|Any CPU
		{C46ACB51-CD60-495B-9179-6FBD7CC1E35C}.Debug|Any CPU.ActiveCfg = Debug|Any CPU
		{C46ACB51-CD60-495B-9179-6FBD7CC1E35C}.Debug|Any CPU.Build.0 = Debug|Any CPU
		{C46ACB51-CD60-495B-9179-6FBD7CC1E35C}.Release|Any CPU.ActiveCfg = Release|Any CPU
		{C46ACB51-CD60-495B-9179-6FBD7CC1E35C}.Release|Any CPU.Build.0 = Release|Any CPU
		{82A38FF8-E532-4054-97B3-10B7FB245CCF}.Debug|Any CPU.ActiveCfg = Debug|Any CPU
		{82A38FF8-E532-4054-97B3-10B7FB245CCF}.Debug|Any CPU.Build.0 = Debug|Any CPU
		{82A38FF8-E532-4054-97B3-10B7FB245CCF}.Release|Any CPU.ActiveCfg = Release|Any CPU
		{82A38FF8-E532-4054-97B3-10B7FB245CCF}.Release|Any CPU.Build.0 = Release|Any CPU
		{9DF66BF1-562B-4112-A1E5-B31D6970ED07}.Debug|Any CPU.ActiveCfg = Debug|Any CPU
		{9DF66BF1-562B-4112-A1E5-B31D6970ED07}.Debug|Any CPU.Build.0 = Debug|Any CPU
		{9DF66BF1-562B-4112-A1E5-B31D6970ED07}.Release|Any CPU.ActiveCfg = Release|Any CPU
		{9DF66BF1-562B-4112-A1E5-B31D6970ED07}.Release|Any CPU.Build.0 = Release|Any CPU
	EndGlobalSection
	GlobalSection(SolutionProperties) = preSolution
		HideSolutionNode = FALSE
	EndGlobalSection
	GlobalSection(NestedProjects) = preSolution
		{70178326-5125-40E0-A5D9-35446A8DC1DB} = {C9B327B2-7403-444E-85A6-7CBAE48843FC}
		{47744F00-1874-4B0E-90D1-98F26ACB473D} = {3DBF29EF-8D99-4DE4-A1F4-02A18F38C552}
		{0A88D9C8-433E-46A0-8B94-839257ADA659} = {DF1A2F87-6D2F-40C8-8652-7B65D0AC24B5}
		{1BAD3D7E-26A6-4293-99EA-1BDA74BFB87A} = {3DBF29EF-8D99-4DE4-A1F4-02A18F38C552}
		{C46ACB51-CD60-495B-9179-6FBD7CC1E35C} = {C9B327B2-7403-444E-85A6-7CBAE48843FC}
		{9DF66BF1-562B-4112-A1E5-B31D6970ED07} = {DF1A2F87-6D2F-40C8-8652-7B65D0AC24B5}
	EndGlobalSection
	GlobalSection(ExtensibilityGlobals) = postSolution
		SolutionGuid = {2CCC775D-1ED0-44E8-8D6D-4C10B1C04AA5}
	EndGlobalSection
EndGlobal
